
Microsoft Visual Studio Solution File, Format Version 12.00
# Visual Studio Version 16
VisualStudioVersion = 16.0.30717.126
MinimumVisualStudioVersion = 10.0.40219.1
Project("{9A19103F-16F7-4668-BE54-9A1E7A4F7556}") = "DynamicQuerying", "DynamicQuerying\DynamicQuerying.csproj", "{07AECF62-F435-47D8-993F-E8F1E95EC91D}"
EndProject
Project("{9A19103F-16F7-4668-BE54-9A1E7A4F7556}") = "DynamicQuerying.Tests", "DynamicQuerying.Tests\DynamicQuerying.Tests.csproj", "{107B5C84-7AE7-466C-92E1-6DC5009E5A54}"
EndProject
Global
	GlobalSection(SolutionConfigurationPlatforms) = preSolution
		Debug|Any CPU = Debug|Any CPU
		Release|Any CPU = Release|Any CPU
	EndGlobalSection
	GlobalSection(ProjectConfigurationPlatforms) = postSolution
		{07AECF62-F435-47D8-993F-E8F1E95EC91D}.Debug|Any CPU.ActiveCfg = Debug|Any CPU
		{07AECF62-F435-47D8-993F-E8F1E95EC91D}.Debug|Any CPU.Build.0 = Debug|Any CPU
		{07AECF62-F435-47D8-993F-E8F1E95EC91D}.Release|Any CPU.ActiveCfg = Release|Any CPU
		{07AECF62-F435-47D8-993F-E8F1E95EC91D}.Release|Any CPU.Build.0 = Release|Any CPU
		{107B5C84-7AE7-466C-92E1-6DC5009E5A54}.Debug|Any CPU.ActiveCfg = Debug|Any CPU
		{107B5C84-7AE7-466C-92E1-6DC5009E5A54}.Debug|Any CPU.Build.0 = Debug|Any CPU
		{107B5C84-7AE7-466C-92E1-6DC5009E5A54}.Release|Any CPU.ActiveCfg = Release|Any CPU
		{107B5C84-7AE7-466C-92E1-6DC5009E5A54}.Release|Any CPU.Build.0 = Release|Any CPU
	EndGlobalSection
	GlobalSection(SolutionProperties) = preSolution
		HideSolutionNode = FALSE
	EndGlobalSection
	GlobalSection(ExtensibilityGlobals) = postSolution
		SolutionGuid = {8EC1E278-9EBB-4796-9E5A-5BB5B853CFB1}
	EndGlobalSection
EndGlobal
